
Microsoft Visual Studio Solution File, Format Version 12.00
# Visual Studio Version 17
VisualStudioVersion = 17.2.32519.379
MinimumVisualStudioVersion = 10.0.40219.1
Project("{FAE04EC0-301F-11D3-BF4B-00C04F79EFBC}") = "OperatorsTwoExample", "OperatorsTwoExample.csproj", "{BACB9088-DCE2-4C18-A90C-A3EEE3009214}"
EndProject
Global
	GlobalSection(SolutionConfigurationPlatforms) = preSolution
		Debug|Any CPU = Debug|Any CPU
		Release|Any CPU = Release|Any CPU
	EndGlobalSection
	GlobalSection(ProjectConfigurationPlatforms) = postSolution
		{BACB9088-DCE2-4C18-A90C-A3EEE3009214}.Debug|Any CPU.ActiveCfg = Debug|Any CPU
		{BACB9088-DCE2-4C18-A90C-A3EEE3009214}.Debug|Any CPU.Build.0 = Debug|Any CPU
		{BACB9088-DCE2-4C18-A90C-A3EEE3009214}.Release|Any CPU.ActiveCfg = Release|Any CPU
		{BACB9088-DCE2-4C18-A90C-A3EEE3009214}.Release|Any CPU.Build.0 = Release|Any CPU
	EndGlobalSection
	GlobalSection(SolutionProperties) = preSolution
		HideSolutionNode = FALSE
	EndGlobalSection
	GlobalSection(ExtensibilityGlobals) = postSolution
		SolutionGuid = {47BD8351-0704-426B-8CD0-63C2C3ACFBD8}
	EndGlobalSection
EndGlobal
